
Microsoft Visual Studio Solution File, Format Version 12.00
# Visual Studio Version 17
VisualStudioVersion = 17.0.31903.59
MinimumVisualStudioVersion = 10.0.40219.1
Project("{2150E333-8FDC-42A3-9474-1A3956D46DE8}") = "src", "src", "{827E0CD3-B72D-47B6-A68D-7590B98EB39B}"
EndProject
Project("{FAE04EC0-301F-11D3-BF4B-00C04F79EFBC}") = "Learning.Shared", "src\Learning.Shared\Learning.Shared.csproj", "{D3416660-E678-45FA-8232-D05A1EFBC003}"
EndProject
Project("{FAE04EC0-301F-11D3-BF4B-00C04F79EFBC}") = "Learning.Server", "src\Learning.Server\Learning.Server.csproj", "{3E9611C0-B58C-463F-AFBC-9AE6710422F8}"
EndProject
Project("{FAE04EC0-301F-11D3-BF4B-00C04F79EFBC}") = "Learning.Client", "src\Learning.Client\Learning.Client.csproj", "{4FDAB771-1F73-472A-B9EA-A76166B443A5}"
EndProject
Project("{FAE04EC0-301F-11D3-BF4B-00C04F79EFBC}") = "Learning.AppHost", "src\Learning.AppHost\Learning.AppHost.csproj", "{DFAD4A91-4950-48A0-9093-4924D7D4ECC6}"
EndProject
Project("{FAE04EC0-301F-11D3-BF4B-00C04F79EFBC}") = "Learning.ServiceDefaults", "src\Learning.ServiceDefaults\Learning.ServiceDefaults.csproj", "{3C60B5BE-27E3-47BE-8AA7-772220947E60}"
EndProject
Global
	GlobalSection(SolutionConfigurationPlatforms) = preSolution
		Debug|Any CPU = Debug|Any CPU
		Debug|x64 = Debug|x64
		Debug|x86 = Debug|x86
		Release|Any CPU = Release|Any CPU
		Release|x64 = Release|x64
		Release|x86 = Release|x86
	EndGlobalSection
	GlobalSection(ProjectConfigurationPlatforms) = postSolution
		{D3416660-E678-45FA-8232-D05A1EFBC003}.Debug|Any CPU.ActiveCfg = Debug|Any CPU
		{D3416660-E678-45FA-8232-D05A1EFBC003}.Debug|Any CPU.Build.0 = Debug|Any CPU
		{D3416660-E678-45FA-8232-D05A1EFBC003}.Debug|x64.ActiveCfg = Debug|Any CPU
		{D3416660-E678-45FA-8232-D05A1EFBC003}.Debug|x64.Build.0 = Debug|Any CPU
		{D3416660-E678-45FA-8232-D05A1EFBC003}.Debug|x86.ActiveCfg = Debug|Any CPU
		{D3416660-E678-45FA-8232-D05A1EFBC003}.Debug|x86.Build.0 = Debug|Any CPU
		{D3416660-E678-45FA-8232-D05A1EFBC003}.Release|Any CPU.ActiveCfg = Release|Any CPU
		{D3416660-E678-45FA-8232-D05A1EFBC003}.Release|Any CPU.Build.0 = Release|Any CPU
		{D3416660-E678-45FA-8232-D05A1EFBC003}.Release|x64.ActiveCfg = Release|Any CPU
		{D3416660-E678-45FA-8232-D05A1EFBC003}.Release|x64.Build.0 = Release|Any CPU
		{D3416660-E678-45FA-8232-D05A1EFBC003}.Release|x86.ActiveCfg = Release|Any CPU
		{D3416660-E678-45FA-8232-D05A1EFBC003}.Release|x86.Build.0 = Release|Any CPU
		{3E9611C0-B58C-463F-AFBC-9AE6710422F8}.Debug|Any CPU.ActiveCfg = Debug|Any CPU
		{3E9611C0-B58C-463F-AFBC-9AE6710422F8}.Debug|Any CPU.Build.0 = Debug|Any CPU
		{3E9611C0-B58C-463F-AFBC-9AE6710422F8}.Debug|x64.ActiveCfg = Debug|Any CPU
		{3E9611C0-B58C-463F-AFBC-9AE6710422F8}.Debug|x64.Build.0 = Debug|Any CPU
		{3E9611C0-B58C-463F-AFBC-9AE6710422F8}.Debug|x86.ActiveCfg = Debug|Any CPU
		{3E9611C0-B58C-463F-AFBC-9AE6710422F8}.Debug|x86.Build.0 = Debug|Any CPU
		{3E9611C0-B58C-463F-AFBC-9AE6710422F8}.Release|Any CPU.ActiveCfg = Release|Any CPU
		{3E9611C0-B58C-463F-AFBC-9AE6710422F8}.Release|Any CPU.Build.0 = Release|Any CPU
		{3E9611C0-B58C-463F-AFBC-9AE6710422F8}.Release|x64.ActiveCfg = Release|Any CPU
		{3E9611C0-B58C-463F-AFBC-9AE6710422F8}.Release|x64.Build.0 = Release|Any CPU
		{3E9611C0-B58C-463F-AFBC-9AE6710422F8}.Release|x86.ActiveCfg = Release|Any CPU
		{3E9611C0-B58C-463F-AFBC-9AE6710422F8}.Release|x86.Build.0 = Release|Any CPU
		{4FDAB771-1F73-472A-B9EA-A76166B443A5}.Debug|Any CPU.ActiveCfg = Debug|Any CPU
		{4FDAB771-1F73-472A-B9EA-A76166B443A5}.Debug|Any CPU.Build.0 = Debug|Any CPU
		{4FDAB771-1F73-472A-B9EA-A76166B443A5}.Debug|x64.ActiveCfg = Debug|Any CPU
		{4FDAB771-1F73-472A-B9EA-A76166B443A5}.Debug|x64.Build.0 = Debug|Any CPU
		{4FDAB771-1F73-472A-B9EA-A76166B443A5}.Debug|x86.ActiveCfg = Debug|Any CPU
		{4FDAB771-1F73-472A-B9EA-A76166B443A5}.Debug|x86.Build.0 = Debug|Any CPU
		{4FDAB771-1F73-472A-B9EA-A76166B443A5}.Release|Any CPU.ActiveCfg = Release|Any CPU
		{4FDAB771-1F73-472A-B9EA-A76166B443A5}.Release|Any CPU.Build.0 = Release|Any CPU
		{4FDAB771-1F73-472A-B9EA-A76166B443A5}.Release|x64.ActiveCfg = Release|Any CPU
		{4FDAB771-1F73-472A-B9EA-A76166B443A5}.Release|x64.Build.0 = Release|Any CPU
		{4FDAB771-1F73-472A-B9EA-A76166B443A5}.Release|x86.ActiveCfg = Release|Any CPU
		{4FDAB771-1F73-472A-B9EA-A76166B443A5}.Release|x86.Build.0 = Release|Any CPU
		{DFAD4A91-4950-48A0-9093-4924D7D4ECC6}.Debug|Any CPU.ActiveCfg = Debug|Any CPU
		{DFAD4A91-4950-48A0-9093-4924D7D4ECC6}.Debug|Any CPU.Build.0 = Debug|Any CPU
		{DFAD4A91-4950-48A0-9093-4924D7D4ECC6}.Debug|x64.ActiveCfg = Debug|Any CPU
		{DFAD4A91-4950-48A0-9093-4924D7D4ECC6}.Debug|x64.Build.0 = Debug|Any CPU
		{DFAD4A91-4950-48A0-9093-4924D7D4ECC6}.Debug|x86.ActiveCfg = Debug|Any CPU
		{DFAD4A91-4950-48A0-9093-4924D7D4ECC6}.Debug|x86.Build.0 = Debug|Any CPU
		{DFAD4A91-4950-48A0-9093-4924D7D4ECC6}.Release|Any CPU.ActiveCfg = Release|Any CPU
		{DFAD4A91-4950-48A0-9093-4924D7D4ECC6}.Release|Any CPU.Build.0 = Release|Any CPU
		{DFAD4A91-4950-48A0-9093-4924D7D4ECC6}.Release|x64.ActiveCfg = Release|Any CPU
		{DFAD4A91-4950-48A0-9093-4924D7D4ECC6}.Release|x64.Build.0 = Release|Any CPU
		{DFAD4A91-4950-48A0-9093-4924D7D4ECC6}.Release|x86.ActiveCfg = Release|Any CPU
		{DFAD4A91-4950-48A0-9093-4924D7D4ECC6}.Release|x86.Build.0 = Release|Any CPU
		{3C60B5BE-27E3-47BE-8AA7-772220947E60}.Debug|Any CPU.ActiveCfg = Debug|Any CPU
		{3C60B5BE-27E3-47BE-8AA7-772220947E60}.Debug|Any CPU.Build.0 = Debug|Any CPU
		{3C60B5BE-27E3-47BE-8AA7-772220947E60}.Debug|x64.ActiveCfg = Debug|Any CPU
		{3C60B5BE-27E3-47BE-8AA7-772220947E60}.Debug|x64.Build.0 = Debug|Any CPU
		{3C60B5BE-27E3-47BE-8AA7-772220947E60}.Debug|x86.ActiveCfg = Debug|Any CPU
		{3C60B5BE-27E3-47BE-8AA7-772220947E60}.Debug|x86.Build.0 = Debug|Any CPU
		{3C60B5BE-27E3-47BE-8AA7-772220947E60}.Release|Any CPU.ActiveCfg = Release|Any CPU
		{3C60B5BE-27E3-47BE-8AA7-772220947E60}.Release|Any CPU.Build.0 = Release|Any CPU
		{3C60B5BE-27E3-47BE-8AA7-772220947E60}.Release|x64.ActiveCfg = Release|Any CPU
		{3C60B5BE-27E3-47BE-8AA7-772220947E60}.Release|x64.Build.0 = Release|Any CPU
		{3C60B5BE-27E3-47BE-8AA7-772220947E60}.Release|x86.ActiveCfg = Release|Any CPU
		{3C60B5BE-27E3-47BE-8AA7-772220947E60}.Release|x86.Build.0 = Release|Any CPU
	EndGlobalSection
	GlobalSection(SolutionProperties) = preSolution
		HideSolutionNode = FALSE
	EndGlobalSection
	GlobalSection(NestedProjects) = preSolution
		{D3416660-E678-45FA-8232-D05A1EFBC003} = {827E0CD3-B72D-47B6-A68D-7590B98EB39B}
		{3E9611C0-B58C-463F-AFBC-9AE6710422F8} = {827E0CD3-B72D-47B6-A68D-7590B98EB39B}
		{4FDAB771-1F73-472A-B9EA-A76166B443A5} = {827E0CD3-B72D-47B6-A68D-7590B98EB39B}
		{DFAD4A91-4950-48A0-9093-4924D7D4ECC6} = {827E0CD3-B72D-47B6-A68D-7590B98EB39B}
		{3C60B5BE-27E3-47BE-8AA7-772220947E60} = {827E0CD3-B72D-47B6-A68D-7590B98EB39B}
	EndGlobalSection
EndGlobal
